{
  "name": "resume",
  "version": "1.0.0",
  "lockfileVersion": 1,
  "requires": true,
  "dependencies": {
    "particles.js": {
      "version": "2.0.0",
      "resolved": "http://registry.npm.taobao.org/particles.js/download/particles.js-2.0.0.tgz",
      "integrity": "sha1-IThsQyjWx/lngKIB6W7t/AnHNvY="
    },
    "rellax": {
      "version": "1.6.2",
      "resolved": "https://r.cnpmjs.org/rellax/download/rellax-1.6.2.tgz",
      "integrity": "sha1-siyHFfVjJPqLOWRl09yplTtxHzA="
    }
  }
}
